
Microsoft Visual Studio Solution File, Format Version 12.00
# Visual Studio Version 17
VisualStudioVersion = 17.4.33213.308
MinimumVisualStudioVersion = 10.0.40219.1
Project("{9A19103F-16F7-4668-BE54-9A1E7A4F7556}") = "FT.DataGenerator", "FT.DataGenerator.csproj", "{C74E4414-2238-4949-A8D7-CDDB2F37B7D3}"
EndProject
Project("{E53339B2-1760-4266-BCC7-CA923CBCF16C}") = "FT.Container", "FT.Container.dcproj", "{79475BF4-169F-4E44-9B02-49558A7DDF2D}"
EndProject
Project("{FAE04EC0-301F-11D3-BF4B-00C04F79EFBC}") = "FT.Objects", "..\FT.Objects\FT.Objects.csproj", "{F4886A99-0C7B-47BD-9032-B8379E7B6E39}"
EndProject
Project("{FAE04EC0-301F-11D3-BF4B-00C04F79EFBC}") = "FT.DataWriter", "..\FT.DatabaseService\FT.DataWriter.csproj", "{5EBBA579-89CE-431A-B723-8BFDB4B46FA0}"
EndProject
Global
	GlobalSection(SolutionConfigurationPlatforms) = preSolution
		Debug|Any CPU = Debug|Any CPU
		Release|Any CPU = Release|Any CPU
	EndGlobalSection
	GlobalSection(ProjectConfigurationPlatforms) = postSolution
		{C74E4414-2238-4949-A8D7-CDDB2F37B7D3}.Debug|Any CPU.ActiveCfg = Debug|Any CPU
		{C74E4414-2238-4949-A8D7-CDDB2F37B7D3}.Debug|Any CPU.Build.0 = Debug|Any CPU
		{C74E4414-2238-4949-A8D7-CDDB2F37B7D3}.Release|Any CPU.ActiveCfg = Release|Any CPU
		{C74E4414-2238-4949-A8D7-CDDB2F37B7D3}.Release|Any CPU.Build.0 = Release|Any CPU
		{79475BF4-169F-4E44-9B02-49558A7DDF2D}.Debug|Any CPU.ActiveCfg = Debug|Any CPU
		{79475BF4-169F-4E44-9B02-49558A7DDF2D}.Debug|Any CPU.Build.0 = Debug|Any CPU
		{79475BF4-169F-4E44-9B02-49558A7DDF2D}.Release|Any CPU.ActiveCfg = Release|Any CPU
		{79475BF4-169F-4E44-9B02-49558A7DDF2D}.Release|Any CPU.Build.0 = Release|Any CPU
		{F4886A99-0C7B-47BD-9032-B8379E7B6E39}.Debug|Any CPU.ActiveCfg = Debug|Any CPU
		{F4886A99-0C7B-47BD-9032-B8379E7B6E39}.Debug|Any CPU.Build.0 = Debug|Any CPU
		{F4886A99-0C7B-47BD-9032-B8379E7B6E39}.Release|Any CPU.ActiveCfg = Release|Any CPU
		{F4886A99-0C7B-47BD-9032-B8379E7B6E39}.Release|Any CPU.Build.0 = Release|Any CPU
		{5EBBA579-89CE-431A-B723-8BFDB4B46FA0}.Debug|Any CPU.ActiveCfg = Debug|Any CPU
		{5EBBA579-89CE-431A-B723-8BFDB4B46FA0}.Debug|Any CPU.Build.0 = Debug|Any CPU
		{5EBBA579-89CE-431A-B723-8BFDB4B46FA0}.Release|Any CPU.ActiveCfg = Release|Any CPU
		{5EBBA579-89CE-431A-B723-8BFDB4B46FA0}.Release|Any CPU.Build.0 = Release|Any CPU
	EndGlobalSection
	GlobalSection(SolutionProperties) = preSolution
		HideSolutionNode = FALSE
	EndGlobalSection
	GlobalSection(ExtensibilityGlobals) = postSolution
		SolutionGuid = {A875384A-45BD-4D2E-ADA7-B4908BF86541}
	EndGlobalSection
EndGlobal
